
Microsoft Visual Studio Solution File, Format Version 12.00
Project("{FAE04EC0-301F-11D3-BF4B-00C04F79EFBC}") = "PayFacMpSDK", "PayFacMpSDK\PayFacMpSDK.csproj", "{09E58A35-F6B9-4983-9843-80EEDE435E9B}"
EndProject
Project("{FAE04EC0-301F-11D3-BF4B-00C04F79EFBC}") = "PayFacMpSDKTest", "PayFacMpSDKTest\PayFacMpSDKTest.csproj", "{619F0B9B-56AB-4F67-B2CA-7ECC4597B844}"
EndProject
Global
	GlobalSection(SolutionConfigurationPlatforms) = preSolution
		Debug|Any CPU = Debug|Any CPU
		Release|Any CPU = Release|Any CPU
	EndGlobalSection
	GlobalSection(ProjectConfigurationPlatforms) = postSolution
		{09E58A35-F6B9-4983-9843-80EEDE435E9B}.Debug|Any CPU.ActiveCfg = Debug|Any CPU
		{09E58A35-F6B9-4983-9843-80EEDE435E9B}.Debug|Any CPU.Build.0 = Debug|Any CPU
		{09E58A35-F6B9-4983-9843-80EEDE435E9B}.Release|Any CPU.ActiveCfg = Release|Any CPU
		{09E58A35-F6B9-4983-9843-80EEDE435E9B}.Release|Any CPU.Build.0 = Release|Any CPU
		{619F0B9B-56AB-4F67-B2CA-7ECC4597B844}.Debug|Any CPU.ActiveCfg = Debug|Any CPU
		{619F0B9B-56AB-4F67-B2CA-7ECC4597B844}.Debug|Any CPU.Build.0 = Debug|Any CPU
		{619F0B9B-56AB-4F67-B2CA-7ECC4597B844}.Release|Any CPU.ActiveCfg = Release|Any CPU
		{619F0B9B-56AB-4F67-B2CA-7ECC4597B844}.Release|Any CPU.Build.0 = Release|Any CPU
	EndGlobalSection
EndGlobal
